
Microsoft Visual Studio Solution File, Format Version 12.00
# Visual Studio Version 17
VisualStudioVersion = 17.8.34525.116
MinimumVisualStudioVersion = 10.0.40219.1
Project("{FAE04EC0-301F-11D3-BF4B-00C04F79EFBC}") = "CSharp(20.02)", "CSharp(20.02).csproj", "{A6C70D68-8E40-4F80-A685-1DD58D273CCE}"
EndProject
Global
	GlobalSection(SolutionConfigurationPlatforms) = preSolution
		Debug|Any CPU = Debug|Any CPU
		Release|Any CPU = Release|Any CPU
	EndGlobalSection
	GlobalSection(ProjectConfigurationPlatforms) = postSolution
		{A6C70D68-8E40-4F80-A685-1DD58D273CCE}.Debug|Any CPU.ActiveCfg = Debug|Any CPU
		{A6C70D68-8E40-4F80-A685-1DD58D273CCE}.Debug|Any CPU.Build.0 = Debug|Any CPU
		{A6C70D68-8E40-4F80-A685-1DD58D273CCE}.Release|Any CPU.ActiveCfg = Release|Any CPU
		{A6C70D68-8E40-4F80-A685-1DD58D273CCE}.Release|Any CPU.Build.0 = Release|Any CPU
	EndGlobalSection
	GlobalSection(SolutionProperties) = preSolution
		HideSolutionNode = FALSE
	EndGlobalSection
	GlobalSection(ExtensibilityGlobals) = postSolution
		SolutionGuid = {AE35520A-6471-409B-B0B2-62952C2CB558}
	EndGlobalSection
EndGlobal
